
Microsoft Visual Studio Solution File, Format Version 12.00
# Visual Studio 15
VisualStudioVersion = 15.0.28307.539
MinimumVisualStudioVersion = 10.0.40219.1
Project("{FAE04EC0-301F-11D3-BF4B-00C04F79EFBC}") = "ManhattanCrepeCart", "ManhattanCrepeCart\ManhattanCrepeCart.csproj", "{13BA66DB-3B92-4B24-8733-95A1472FBFA1}"
EndProject
Global
	GlobalSection(SolutionConfigurationPlatforms) = preSolution
		Debug|Any CPU = Debug|Any CPU
		Release|Any CPU = Release|Any CPU
	EndGlobalSection
	GlobalSection(ProjectConfigurationPlatforms) = postSolution
		{13BA66DB-3B92-4B24-8733-95A1472FBFA1}.Debug|Any CPU.ActiveCfg = Debug|Any CPU
		{13BA66DB-3B92-4B24-8733-95A1472FBFA1}.Debug|Any CPU.Build.0 = Debug|Any CPU
		{13BA66DB-3B92-4B24-8733-95A1472FBFA1}.Release|Any CPU.ActiveCfg = Release|Any CPU
		{13BA66DB-3B92-4B24-8733-95A1472FBFA1}.Release|Any CPU.Build.0 = Release|Any CPU
	EndGlobalSection
	GlobalSection(SolutionProperties) = preSolution
		HideSolutionNode = FALSE
	EndGlobalSection
	GlobalSection(ExtensibilityGlobals) = postSolution
		SolutionGuid = {42649DE3-9865-4293-B53F-7246DA2437C0}
	EndGlobalSection
EndGlobal
